
Microsoft Visual Studio Solution File, Format Version 12.00
# Visual Studio Version 16
VisualStudioVersion = 16.0.29503.13
MinimumVisualStudioVersion = 10.0.40219.1
Project("{FAE04EC0-301F-11D3-BF4B-00C04F79EFBC}") = "Cybertrator", "Cybertrator.csproj", "{E8D89AD8-8CBA-485D-A186-B352A0A08B31}"
EndProject
Global
	GlobalSection(SolutionConfigurationPlatforms) = preSolution
		Debug|Any CPU = Debug|Any CPU
		Release|Any CPU = Release|Any CPU
	EndGlobalSection
	GlobalSection(ProjectConfigurationPlatforms) = postSolution
		{E8D89AD8-8CBA-485D-A186-B352A0A08B31}.Debug|Any CPU.ActiveCfg = Debug|Any CPU
		{E8D89AD8-8CBA-485D-A186-B352A0A08B31}.Debug|Any CPU.Build.0 = Debug|Any CPU
		{E8D89AD8-8CBA-485D-A186-B352A0A08B31}.Release|Any CPU.ActiveCfg = Release|Any CPU
		{E8D89AD8-8CBA-485D-A186-B352A0A08B31}.Release|Any CPU.Build.0 = Release|Any CPU
	EndGlobalSection
	GlobalSection(SolutionProperties) = preSolution
		HideSolutionNode = FALSE
	EndGlobalSection
	GlobalSection(ExtensibilityGlobals) = postSolution
		SolutionGuid = {E195070B-857D-41D2-860D-1C5E52C30FBE}
	EndGlobalSection
EndGlobal
